// !$*UTF8*$!
{
	archiveVersion = 1;
	classes = {
	};
	objectVersion = 77;
	objects = {

/* Begin PBXBuildFile section */
		1104349D2F19084F0055A517 /* BumbleProfileImageCell.swift in Sources */ = {isa = PBXBuildFile; fileRef = 1104349C2F19084F0055A517 /* BumbleProfileImageCell.swift */; };
		111DEC992ED06C7700A3AFCF /* SDWebImageSwiftUI in Frameworks */ = {isa = PBXBuildFile; productRef = 111DEC982ED06C7700A3AFCF /* SDWebImageSwiftUI */; };
		111DECA52ED078EC00A3AFCF /* SwiftfulUI in Frameworks */ = {isa = PBXBuildFile; productRef = 111DECA42ED078EC00A3AFCF /* SwiftfulUI */; };
		111DECA82ED079DD00A3AFCF /* SwiftfulRouting in Frameworks */ = {isa = PBXBuildFile; productRef = 111DECA72ED079DD00A3AFCF /* SwiftfulRouting */; };
		111DECD62ED0B9B700A3AFCF /* Assets.xcassets in Resources */ = {isa = PBXBuildFile; fileRef = 111DECCA2ED0B9B700A3AFCF /* Assets.xcassets */; };
		111DECD72ED0B9B700A3AFCF /* Preview Assets.xcassets in Resources */ = {isa = PBXBuildFile; fileRef = 111DECCB2ED0B9B700A3AFCF /* Preview Assets.xcassets */; };
		111DECD82ED0B9B700A3AFCF /* Constants.swift in Sources */ = {isa = PBXBuildFile; fileRef = 111DECCD2ED0B9B700A3AFCF /* Constants.swift */; };
		111DECD92ED0B9B700A3AFCF /* DatabaseHelper.swift in Sources */ = {isa = PBXBuildFile; fileRef = 111DECCE2ED0B9B700A3AFCF /* DatabaseHelper.swift */; };
		111DECDA2ED0B9B700A3AFCF /* ImageLoaderView.swift in Sources */ = {isa = PBXBuildFile; fileRef = 111DECCF2ED0B9B700A3AFCF /* ImageLoaderView.swift */; };
		111DECDB2ED0B9B700A3AFCF /* Product.swift in Sources */ = {isa = PBXBuildFile; fileRef = 111DECD02ED0B9B700A3AFCF /* Product.swift */; };
		111DECDC2ED0B9B700A3AFCF /* User.swift in Sources */ = {isa = PBXBuildFile; fileRef = 111DECD12ED0B9B700A3AFCF /* User.swift */; };
		111DECDD2ED0B9B700A3AFCF /* ContentView.swift in Sources */ = {isa = PBXBuildFile; fileRef = 111DECD32ED0B9B700A3AFCF /* ContentView.swift */; };
		111DECDE2ED0B9B700A3AFCF /* SUi_practiceApp.swift in Sources */ = {isa = PBXBuildFile; fileRef = 111DECD42ED0B9B700A3AFCF /* SUi_practiceApp.swift */; };
		111DECE42ED0BA1600A3AFCF /* SpotifyHomeView.swift in Sources */ = {isa = PBXBuildFile; fileRef = 111DECE32ED0BA1600A3AFCF /* SpotifyHomeView.swift */; };
		111DECE62ED0C52B00A3AFCF /* SpotifyCategoryCell.swift in Sources */ = {isa = PBXBuildFile; fileRef = 111DECE52ED0C52B00A3AFCF /* SpotifyCategoryCell.swift */; };
		111DECE92ED0C79B00A3AFCF /* Category.swift in Sources */ = {isa = PBXBuildFile; fileRef = 111DECE82ED0C79300A3AFCF /* Category.swift */; };
		113867EE2EDCE1DB006C9E55 /* PlaylistDescriptionCell.swift in Sources */ = {isa = PBXBuildFile; fileRef = 113867ED2EDCE1DB006C9E55 /* PlaylistDescriptionCell.swift */; };
		113867F02EDCF144006C9E55 /* SongRowCell.swift in Sources */ = {isa = PBXBuildFile; fileRef = 113867EF2EDCF144006C9E55 /* SongRowCell.swift */; };
		113A7EE22ED78FD40062ADBE /* SpotifyPlaylistView.swift in Sources */ = {isa = PBXBuildFile; fileRef = 113A7EE12ED78FD40062ADBE /* SpotifyPlaylistView.swift */; };
		113A7EE42ED790020062ADBE /* PlaylistHeaderCell.swift in Sources */ = {isa = PBXBuildFile; fileRef = 113A7EE32ED790020062ADBE /* PlaylistHeaderCell.swift */; };
		113A7EE82ED7A3D80062ADBE /* ImageTitleRowCell.swift in Sources */ = {isa = PBXBuildFile; fileRef = 113A7EE72ED7A3D80062ADBE /* ImageTitleRowCell.swift */; };
		113A7EEA2ED7A6AE0062ADBE /* SpotifyRecentsCell.swift in Sources */ = {isa = PBXBuildFile; fileRef = 113A7EE92ED7A6AE0062ADBE /* SpotifyRecentsCell.swift */; };
		113A7EEC2ED8808B0062ADBE /* SpotifyNewReleaseCell.swift in Sources */ = {isa = PBXBuildFile; fileRef = 113A7EEB2ED8808B0062ADBE /* SpotifyNewReleaseCell.swift */; };
		116291182F190D3300AF9213 /* BumbleChatPreviewCell.swift in Sources */ = {isa = PBXBuildFile; fileRef = 116291172F190D3300AF9213 /* BumbleChatPreviewCell.swift */; };
		1162911A2F19796C00AF9213 /* BumbleChatsView.swift in Sources */ = {isa = PBXBuildFile; fileRef = 116291192F19796C00AF9213 /* BumbleChatsView.swift */; };
		11DCC9EF2EF0829B00F3FC0B /* BumbleHomeView.swift in Sources */ = {isa = PBXBuildFile; fileRef = 11DCC9EE2EF0829B00F3FC0B /* BumbleHomeView.swift */; };
		11DCC9F12EF08B8B00F3FC0B /* BumbleFilterView.swift in Sources */ = {isa = PBXBuildFile; fileRef = 11DCC9F02EF08B8B00F3FC0B /* BumbleFilterView.swift */; };
		11DCCA182EF09D4000F3FC0B /* BumbleCardView.swift in Sources */ = {isa = PBXBuildFile; fileRef = 11DCCA172EF09D4000F3FC0B /* BumbleCardView.swift */; };
		11DCCA1A2EF0A0C200F3FC0B /* BumbleHeartView.swift in Sources */ = {isa = PBXBuildFile; fileRef = 11DCCA192EF0A0C200F3FC0B /* BumbleHeartView.swift */; };
		11DCCA1C2EF2C1E600F3FC0B /* InterestPillView.swift in Sources */ = {isa = PBXBuildFile; fileRef = 11DCCA1B2EF2C1E600F3FC0B /* InterestPillView.swift */; };
		11DCCA1E2EF2DB5E00F3FC0B /* InterestPillGridView.swift in Sources */ = {isa = PBXBuildFile; fileRef = 11DCCA1D2EF2DB5E00F3FC0B /* InterestPillGridView.swift */; };
/* End PBXBuildFile section */

/* Begin PBXFileReference section */
		1104349C2F19084F0055A517 /* BumbleProfileImageCell.swift */ = {isa = PBXFileReference; lastKnownFileType = sourcecode.swift; path = BumbleProfileImageCell.swift; sourceTree = "<group>"; };
		111DEC7B2ED069A900A3AFCF /* SUi practice.app */ = {isa = PBXFileReference; explicitFileType = wrapper.application; includeInIndex = 0; path = "SUi practice.app"; sourceTree = BUILT_PRODUCTS_DIR; };
		111DECCA2ED0B9B700A3AFCF /* Assets.xcassets */ = {isa = PBXFileReference; lastKnownFileType = folder.assetcatalog; path = Assets.xcassets; sourceTree = "<group>"; };
		111DECCB2ED0B9B700A3AFCF /* Preview Assets.xcassets */ = {isa = PBXFileReference; lastKnownFileType = folder.assetcatalog; path = "Preview Assets.xcassets"; sourceTree = "<group>"; };
		111DECCD2ED0B9B700A3AFCF /* Constants.swift */ = {isa = PBXFileReference; lastKnownFileType = sourcecode.swift; path = Constants.swift; sourceTree = "<group>"; };
		111DECCE2ED0B9B700A3AFCF /* DatabaseHelper.swift */ = {isa = PBXFileReference; lastKnownFileType = sourcecode.swift; path = DatabaseHelper.swift; sourceTree = "<group>"; };
		111DECCF2ED0B9B700A3AFCF /* ImageLoaderView.swift */ = {isa = PBXFileReference; lastKnownFileType = sourcecode.swift; path = ImageLoaderView.swift; sourceTree = "<group>"; };
		111DECD02ED0B9B700A3AFCF /* Product.swift */ = {isa = PBXFileReference; lastKnownFileType = sourcecode.swift; path = Product.swift; sourceTree = "<group>"; };
		111DECD12ED0B9B700A3AFCF /* User.swift */ = {isa = PBXFileReference; lastKnownFileType = sourcecode.swift; path = User.swift; sourceTree = "<group>"; };
		111DECD32ED0B9B700A3AFCF /* ContentView.swift */ = {isa = PBXFileReference; lastKnownFileType = sourcecode.swift; path = ContentView.swift; sourceTree = "<group>"; };
		111DECD42ED0B9B700A3AFCF /* SUi_practiceApp.swift */ = {isa = PBXFileReference; lastKnownFileType = sourcecode.swift; path = SUi_practiceApp.swift; sourceTree = "<group>"; };
		111DECE32ED0BA1600A3AFCF /* SpotifyHomeView.swift */ = {isa = PBXFileReference; lastKnownFileType = sourcecode.swift; path = SpotifyHomeView.swift; sourceTree = "<group>"; };
		111DECE52ED0C52B00A3AFCF /* SpotifyCategoryCell.swift */ = {isa = PBXFileReference; lastKnownFileType = sourcecode.swift; path = SpotifyCategoryCell.swift; sourceTree = "<group>"; };
		111DECE82ED0C79300A3AFCF /* Category.swift */ = {isa = PBXFileReference; lastKnownFileType = sourcecode.swift; path = Category.swift; sourceTree = "<group>"; };
		113867ED2EDCE1DB006C9E55 /* PlaylistDescriptionCell.swift */ = {isa = PBXFileReference; lastKnownFileType = sourcecode.swift; path = PlaylistDescriptionCell.swift; sourceTree = "<group>"; };
		113867EF2EDCF144006C9E55 /* SongRowCell.swift */ = {isa = PBXFileReference; lastKnownFileType = sourcecode.swift; path = SongRowCell.swift; sourceTree = "<group>"; };
		113A7EE12ED78FD40062ADBE /* SpotifyPlaylistView.swift */ = {isa = PBXFileReference; lastKnownFileType = sourcecode.swift; path = SpotifyPlaylistView.swift; sourceTree = "<group>"; };
		113A7EE32ED790020062ADBE /* PlaylistHeaderCell.swift */ = {isa = PBXFileReference; lastKnownFileType = sourcecode.swift; path = PlaylistHeaderCell.swift; sourceTree = "<group>"; };
		113A7EE72ED7A3D80062ADBE /* ImageTitleRowCell.swift */ = {isa = PBXFileReference; lastKnownFileType = sourcecode.swift; path = ImageTitleRowCell.swift; sourceTree = "<group>"; };
		113A7EE92ED7A6AE0062ADBE /* SpotifyRecentsCell.swift */ = {isa = PBXFileReference; lastKnownFileType = sourcecode.swift; path = SpotifyRecentsCell.swift; sourceTree = "<group>"; };
		113A7EEB2ED8808B0062ADBE /* SpotifyNewReleaseCell.swift */ = {isa = PBXFileReference; lastKnownFileType = sourcecode.swift; path = SpotifyNewReleaseCell.swift; sourceTree = "<group>"; };
		116291172F190D3300AF9213 /* BumbleChatPreviewCell.swift */ = {isa = PBXFileReference; lastKnownFileType = sourcecode.swift; path = BumbleChatPreviewCell.swift; sourceTree = "<group>"; };
		116291192F19796C00AF9213 /* BumbleChatsView.swift */ = {isa = PBXFileReference; lastKnownFileType = sourcecode.swift; path = BumbleChatsView.swift; sourceTree = "<group>"; };
		11DCC9EE2EF0829B00F3FC0B /* BumbleHomeView.swift */ = {isa = PBXFileReference; lastKnownFileType = sourcecode.swift; path = BumbleHomeView.swift; sourceTree = "<group>"; };
		11DCC9F02EF08B8B00F3FC0B /* BumbleFilterView.swift */ = {isa = PBXFileReference; lastKnownFileType = sourcecode.swift; path = BumbleFilterView.swift; sourceTree = "<group>"; };
		11DCCA172EF09D4000F3FC0B /* BumbleCardView.swift */ = {isa = PBXFileReference; lastKnownFileType = sourcecode.swift; path = BumbleCardView.swift; sourceTree = "<group>"; };
		11DCCA192EF0A0C200F3FC0B /* BumbleHeartView.swift */ = {isa = PBXFileReference; lastKnownFileType = sourcecode.swift; path = BumbleHeartView.swift; sourceTree = "<group>"; };
		11DCCA1B2EF2C1E600F3FC0B /* InterestPillView.swift */ = {isa = PBXFileReference; lastKnownFileType = sourcecode.swift; path = InterestPillView.swift; sourceTree = "<group>"; };
		11DCCA1D2EF2DB5E00F3FC0B /* InterestPillGridView.swift */ = {isa = PBXFileReference; lastKnownFileType = sourcecode.swift; path = InterestPillGridView.swift; sourceTree = "<group>"; };
/* End PBXFileReference section */

/* Begin PBXFrameworksBuildPhase section */
		111DEC782ED069A900A3AFCF /* Frameworks */ = {
			isa = PBXFrameworksBuildPhase;
			buildActionMask = 2147483647;
			files = (
				111DECA52ED078EC00A3AFCF /* SwiftfulUI in Frameworks */,
				111DECA82ED079DD00A3AFCF /* SwiftfulRouting in Frameworks */,
				111DEC992ED06C7700A3AFCF /* SDWebImageSwiftUI in Frameworks */,
			);
			runOnlyForDeploymentPostprocessing = 0;
		};
/* End PBXFrameworksBuildPhase section */

/* Begin PBXGroup section */
		111DEC722ED069A900A3AFCF = {
			isa = PBXGroup;
			children = (
				111DECD52ED0B9B700A3AFCF /* SUi practice */,
				111DEC7C2ED069A900A3AFCF /* Products */,
			);
			sourceTree = "<group>";
		};
		111DEC7C2ED069A900A3AFCF /* Products */ = {
			isa = PBXGroup;
			children = (
				111DEC7B2ED069A900A3AFCF /* SUi practice.app */,
			);
			name = Products;
			sourceTree = "<group>";
		};
		111DECCC2ED0B9B700A3AFCF /* Preview Content */ = {
			isa = PBXGroup;
			children = (
				111DECCA2ED0B9B700A3AFCF /* Assets.xcassets */,
				111DECCB2ED0B9B700A3AFCF /* Preview Assets.xcassets */,
			);
			path = "Preview Content";
			sourceTree = "<group>";
		};
		111DECD22ED0B9B700A3AFCF /* Shared */ = {
			isa = PBXGroup;
			children = (
				111DECCD2ED0B9B700A3AFCF /* Constants.swift */,
				111DECCE2ED0B9B700A3AFCF /* DatabaseHelper.swift */,
				111DECCF2ED0B9B700A3AFCF /* ImageLoaderView.swift */,
				111DECD02ED0B9B700A3AFCF /* Product.swift */,
				111DECD12ED0B9B700A3AFCF /* User.swift */,
			);
			path = Shared;
			sourceTree = "<group>";
		};
		111DECD52ED0B9B700A3AFCF /* SUi practice */ = {
			isa = PBXGroup;
			children = (
				11DCC9EB2EF0825D00F3FC0B /* Bumble */,
				111DECE02ED0B9DF00A3AFCF /* Spotify */,
				111DECD22ED0B9B700A3AFCF /* Shared */,
				111DECD32ED0B9B700A3AFCF /* ContentView.swift */,
				111DECD42ED0B9B700A3AFCF /* SUi_practiceApp.swift */,
				111DECCC2ED0B9B700A3AFCF /* Preview Content */,
			);
			path = "SUi practice";
			sourceTree = "<group>";
		};
		111DECE02ED0B9DF00A3AFCF /* Spotify */ = {
			isa = PBXGroup;
			children = (
				111DECE72ED0C78A00A3AFCF /* Models */,
				111DECE22ED0B9ED00A3AFCF /* Components */,
				111DECE12ED0B9E700A3AFCF /* Core */,
			);
			path = Spotify;
			sourceTree = "<group>";
		};
		111DECE12ED0B9E700A3AFCF /* Core */ = {
			isa = PBXGroup;
			children = (
				111DECE32ED0BA1600A3AFCF /* SpotifyHomeView.swift */,
				113A7EE12ED78FD40062ADBE /* SpotifyPlaylistView.swift */,
			);
			path = Core;
			sourceTree = "<group>";
		};
		111DECE22ED0B9ED00A3AFCF /* Components */ = {
			isa = PBXGroup;
			children = (
				111DECE52ED0C52B00A3AFCF /* SpotifyCategoryCell.swift */,
				113A7EE72ED7A3D80062ADBE /* ImageTitleRowCell.swift */,
				113A7EEB2ED8808B0062ADBE /* SpotifyNewReleaseCell.swift */,
				113A7EE32ED790020062ADBE /* PlaylistHeaderCell.swift */,
				113867EF2EDCF144006C9E55 /* SongRowCell.swift */,
				113867ED2EDCE1DB006C9E55 /* PlaylistDescriptionCell.swift */,
				113A7EE92ED7A6AE0062ADBE /* SpotifyRecentsCell.swift */,
			);
			path = Components;
			sourceTree = "<group>";
		};
		111DECE72ED0C78A00A3AFCF /* Models */ = {
			isa = PBXGroup;
			children = (
				111DECE82ED0C79300A3AFCF /* Category.swift */,
			);
			path = Models;
			sourceTree = "<group>";
		};
		11DCC9EB2EF0825D00F3FC0B /* Bumble */ = {
			isa = PBXGroup;
			children = (
				11DCC9ED2EF0827B00F3FC0B /* Components */,
				11DCC9EC2EF0827600F3FC0B /* Core */,
			);
			path = Bumble;
			sourceTree = "<group>";
		};
		11DCC9EC2EF0827600F3FC0B /* Core */ = {
			isa = PBXGroup;
			children = (
				11DCC9EE2EF0829B00F3FC0B /* BumbleHomeView.swift */,
				116291192F19796C00AF9213 /* BumbleChatsView.swift */,
			);
			path = Core;
			sourceTree = "<group>";
		};
		11DCC9ED2EF0827B00F3FC0B /* Components */ = {
			isa = PBXGroup;
			children = (
				11DCC9F02EF08B8B00F3FC0B /* BumbleFilterView.swift */,
				11DCCA172EF09D4000F3FC0B /* BumbleCardView.swift */,
				11DCCA1B2EF2C1E600F3FC0B /* InterestPillView.swift */,
				11DCCA1D2EF2DB5E00F3FC0B /* InterestPillGridView.swift */,
				11DCCA192EF0A0C200F3FC0B /* BumbleHeartView.swift */,
				1104349C2F19084F0055A517 /* BumbleProfileImageCell.swift */,
				116291172F190D3300AF9213 /* BumbleChatPreviewCell.swift */,
			);
			path = Components;
			sourceTree = "<group>";
		};
/* End PBXGroup section */

/* Begin PBXNativeTarget section */
		111DEC7A2ED069A900A3AFCF /* SUi practice */ = {
			isa = PBXNativeTarget;
			buildConfigurationList = 111DEC892ED069AA00A3AFCF /* Build configuration list for PBXNativeTarget "SUi practice" */;
			buildPhases = (
				111DEC772ED069A900A3AFCF /* Sources */,
				111DEC782ED069A900A3AFCF /* Frameworks */,
				111DEC792ED069A900A3AFCF /* Resources */,
			);
			buildRules = (
			);
			dependencies = (
			);
			name = "SUi practice";
			packageProductDependencies = (
				111DEC982ED06C7700A3AFCF /* SDWebImageSwiftUI */,
				111DECA42ED078EC00A3AFCF /* SwiftfulUI */,
				111DECA72ED079DD00A3AFCF /* SwiftfulRouting */,
			);
			productName = "SUi practice";
			productReference = 111DEC7B2ED069A900A3AFCF /* SUi practice.app */;
			productType = "com.apple.product-type.application";
		};
/* End PBXNativeTarget section */

/* Begin PBXProject section */
		111DEC732ED069A900A3AFCF /* Project object */ = {
			isa = PBXProject;
			attributes = {
				BuildIndependentTargetsInParallel = 1;
				LastSwiftUpdateCheck = 1610;
				LastUpgradeCheck = 1610;
				TargetAttributes = {
					111DEC7A2ED069A900A3AFCF = {
						CreatedOnToolsVersion = 16.1;
					};
				};
			};
			buildConfigurationList = 111DEC762ED069A900A3AFCF /* Build configuration list for PBXProject "SUi practice" */;
			developmentRegion = en;
			hasScannedForEncodings = 0;
			knownRegions = (
				en,
				Base,
			);
			mainGroup = 111DEC722ED069A900A3AFCF;
			minimizedProjectReferenceProxies = 1;
			packageReferences = (
				111DEC972ED06C7700A3AFCF /* XCRemoteSwiftPackageReference "SDWebImageSwiftUI" */,
				111DECA32ED078EC00A3AFCF /* XCRemoteSwiftPackageReference "SwiftfulUI" */,
				111DECA62ED079DD00A3AFCF /* XCRemoteSwiftPackageReference "SwiftfulRouting" */,
			);
			preferredProjectObjectVersion = 77;
			productRefGroup = 111DEC7C2ED069A900A3AFCF /* Products */;
			projectDirPath = "";
			projectRoot = "";
			targets = (
				111DEC7A2ED069A900A3AFCF /* SUi practice */,
			);
		};
/* End PBXProject section */

/* Begin PBXResourcesBuildPhase section */
		111DEC792ED069A900A3AFCF /* Resources */ = {
			isa = PBXResourcesBuildPhase;
			buildActionMask = 2147483647;
			files = (
				111DECD62ED0B9B700A3AFCF /* Assets.xcassets in Resources */,
				111DECD72ED0B9B700A3AFCF /* Preview Assets.xcassets in Resources */,
			);
			runOnlyForDeploymentPostprocessing = 0;
		};
/* End PBXResourcesBuildPhase section */

/* Begin PBXSourcesBuildPhase section */
		111DEC772ED069A900A3AFCF /* Sources */ = {
			isa = PBXSourcesBuildPhase;
			buildActionMask = 2147483647;
			files = (
				111DECD82ED0B9B700A3AFCF /* Constants.swift in Sources */,
				111DECE92ED0C79B00A3AFCF /* Category.swift in Sources */,
				111DECE62ED0C52B00A3AFCF /* SpotifyCategoryCell.swift in Sources */,
				11DCCA1C2EF2C1E600F3FC0B /* InterestPillView.swift in Sources */,
				11DCCA182EF09D4000F3FC0B /* BumbleCardView.swift in Sources */,
				111DECD92ED0B9B700A3AFCF /* DatabaseHelper.swift in Sources */,
				11DCC9EF2EF0829B00F3FC0B /* BumbleHomeView.swift in Sources */,
				111DECE42ED0BA1600A3AFCF /* SpotifyHomeView.swift in Sources */,
				111DECDA2ED0B9B700A3AFCF /* ImageLoaderView.swift in Sources */,
				113A7EEC2ED8808B0062ADBE /* SpotifyNewReleaseCell.swift in Sources */,
				11DCCA1E2EF2DB5E00F3FC0B /* InterestPillGridView.swift in Sources */,
				113A7EE82ED7A3D80062ADBE /* ImageTitleRowCell.swift in Sources */,
				111DECDB2ED0B9B700A3AFCF /* Product.swift in Sources */,
				111DECDC2ED0B9B700A3AFCF /* User.swift in Sources */,
				113A7EEA2ED7A6AE0062ADBE /* SpotifyRecentsCell.swift in Sources */,
				116291182F190D3300AF9213 /* BumbleChatPreviewCell.swift in Sources */,
				111DECDD2ED0B9B700A3AFCF /* ContentView.swift in Sources */,
				111DECDE2ED0B9B700A3AFCF /* SUi_practiceApp.swift in Sources */,
				113A7EE42ED790020062ADBE /* PlaylistHeaderCell.swift in Sources */,
				1104349D2F19084F0055A517 /* BumbleProfileImageCell.swift in Sources */,
				11DCC9F12EF08B8B00F3FC0B /* BumbleFilterView.swift in Sources */,
				1162911A2F19796C00AF9213 /* BumbleChatsView.swift in Sources */,
				113867F02EDCF144006C9E55 /* SongRowCell.swift in Sources */,
				11DCCA1A2EF0A0C200F3FC0B /* BumbleHeartView.swift in Sources */,
				113867EE2EDCE1DB006C9E55 /* PlaylistDescriptionCell.swift in Sources */,
				113A7EE22ED78FD40062ADBE /* SpotifyPlaylistView.swift in Sources */,
			);
			runOnlyForDeploymentPostprocessing = 0;
		};
/* End PBXSourcesBuildPhase section */

/* Begin XCBuildConfiguration section */
		111DEC872ED069AA00A3AFCF /* Debug */ = {
			isa = XCBuildConfiguration;
			buildSettings = {
				ALWAYS_SEARCH_USER_PATHS = NO;
				ASSETCATALOG_COMPILER_GENERATE_SWIFT_ASSET_SYMBOL_EXTENSIONS = YES;
				CLANG_ANALYZER_NONNULL = YES;
				CLANG_ANALYZER_NUMBER_OBJECT_CONVERSION = YES_AGGRESSIVE;
				CLANG_CXX_LANGUAGE_STANDARD = "gnu++20";
				CLANG_ENABLE_MODULES = YES;
				CLANG_ENABLE_OBJC_ARC = YES;
				CLANG_ENABLE_OBJC_WEAK = YES;
				CLANG_WARN_BLOCK_CAPTURE_AUTORELEASING = YES;
				CLANG_WARN_BOOL_CONVERSION = YES;
				CLANG_WARN_COMMA = YES;
				CLANG_WARN_CONSTANT_CONVERSION = YES;
				CLANG_WARN_DEPRECATED_OBJC_IMPLEMENTATIONS = YES;
				CLANG_WARN_DIRECT_OBJC_ISA_USAGE = YES_ERROR;
				CLANG_WARN_DOCUMENTATION_COMMENTS = YES;
				CLANG_WARN_EMPTY_BODY = YES;
				CLANG_WARN_ENUM_CONVERSION = YES;
				CLANG_WARN_INFINITE_RECURSION = YES;
				CLANG_WARN_INT_CONVERSION = YES;
				CLANG_WARN_NON_LITERAL_NULL_CONVERSION = YES;
				CLANG_WARN_OBJC_IMPLICIT_RETAIN_SELF = YES;
				CLANG_WARN_OBJC_LITERAL_CONVERSION = YES;
				CLANG_WARN_OBJC_ROOT_CLASS = YES_ERROR;
				CLANG_WARN_QUOTED_INCLUDE_IN_FRAMEWORK_HEADER = YES;
				CLANG_WARN_RANGE_LOOP_ANALYSIS = YES;
				CLANG_WARN_STRICT_PROTOTYPES = YES;
				CLANG_WARN_SUSPICIOUS_MOVE = YES;
				CLANG_WARN_UNGUARDED_AVAILABILITY = YES_AGGRESSIVE;
				CLANG_WARN_UNREACHABLE_CODE = YES;
				CLANG_WARN__DUPLICATE_METHOD_MATCH = YES;
				COPY_PHASE_STRIP = NO;
				DEBUG_INFORMATION_FORMAT = dwarf;
				ENABLE_STRICT_OBJC_MSGSEND = YES;
				ENABLE_TESTABILITY = YES;
				ENABLE_USER_SCRIPT_SANDBOXING = YES;
				GCC_C_LANGUAGE_STANDARD = gnu17;
				GCC_DYNAMIC_NO_PIC = NO;
				GCC_NO_COMMON_BLOCKS = YES;
				GCC_OPTIMIZATION_LEVEL = 0;
				GCC_PREPROCESSOR_DEFINITIONS = (
					"DEBUG=1",
					"$(inherited)",
				);
				GCC_WARN_64_TO_32_BIT_CONVERSION = YES;
				GCC_WARN_ABOUT_RETURN_TYPE = YES_ERROR;
				GCC_WARN_UNDECLARED_SELECTOR = YES;
				GCC_WARN_UNINITIALIZED_AUTOS = YES_AGGRESSIVE;
				GCC_WARN_UNUSED_FUNCTION = YES;
				GCC_WARN_UNUSED_VARIABLE = YES;
				IPHONEOS_DEPLOYMENT_TARGET = 18.1;
				LOCALIZATION_PREFERS_STRING_CATALOGS = YES;
				MTL_ENABLE_DEBUG_INFO = INCLUDE_SOURCE;
				MTL_FAST_MATH = YES;
				ONLY_ACTIVE_ARCH = YES;
				SDKROOT = iphoneos;
				SWIFT_ACTIVE_COMPILATION_CONDITIONS = "DEBUG $(inherited)";
				SWIFT_OPTIMIZATION_LEVEL = "-Onone";
			};
			name = Debug;
		};
		111DEC882ED069AA00A3AFCF /* Release */ = {
			isa = XCBuildConfiguration;
			buildSettings = {
				ALWAYS_SEARCH_USER_PATHS = NO;
				ASSETCATALOG_COMPILER_GENERATE_SWIFT_ASSET_SYMBOL_EXTENSIONS = YES;
				CLANG_ANALYZER_NONNULL = YES;
				CLANG_ANALYZER_NUMBER_OBJECT_CONVERSION = YES_AGGRESSIVE;
				CLANG_CXX_LANGUAGE_STANDARD = "gnu++20";
				CLANG_ENABLE_MODULES = YES;
				CLANG_ENABLE_OBJC_ARC = YES;
				CLANG_ENABLE_OBJC_WEAK = YES;
				CLANG_WARN_BLOCK_CAPTURE_AUTORELEASING = YES;
				CLANG_WARN_BOOL_CONVERSION = YES;
				CLANG_WARN_COMMA = YES;
				CLANG_WARN_CONSTANT_CONVERSION = YES;
				CLANG_WARN_DEPRECATED_OBJC_IMPLEMENTATIONS = YES;
				CLANG_WARN_DIRECT_OBJC_ISA_USAGE = YES_ERROR;
				CLANG_WARN_DOCUMENTATION_COMMENTS = YES;
				CLANG_WARN_EMPTY_BODY = YES;
				CLANG_WARN_ENUM_CONVERSION = YES;
				CLANG_WARN_INFINITE_RECURSION = YES;
				CLANG_WARN_INT_CONVERSION = YES;
				CLANG_WARN_NON_LITERAL_NULL_CONVERSION = YES;
				CLANG_WARN_OBJC_IMPLICIT_RETAIN_SELF = YES;
				CLANG_WARN_OBJC_LITERAL_CONVERSION = YES;
				CLANG_WARN_OBJC_ROOT_CLASS = YES_ERROR;
				CLANG_WARN_QUOTED_INCLUDE_IN_FRAMEWORK_HEADER = YES;
				CLANG_WARN_RANGE_LOOP_ANALYSIS = YES;
				CLANG_WARN_STRICT_PROTOTYPES = YES;
				CLANG_WARN_SUSPICIOUS_MOVE = YES;
				CLANG_WARN_UNGUARDED_AVAILABILITY = YES_AGGRESSIVE;
				CLANG_WARN_UNREACHABLE_CODE = YES;
				CLANG_WARN__DUPLICATE_METHOD_MATCH = YES;
				COPY_PHASE_STRIP = NO;
				DEBUG_INFORMATION_FORMAT = "dwarf-with-dsym";
				ENABLE_NS_ASSERTIONS = NO;
				ENABLE_STRICT_OBJC_MSGSEND = YES;
				ENABLE_USER_SCRIPT_SANDBOXING = YES;
				GCC_C_LANGUAGE_STANDARD = gnu17;
				GCC_NO_COMMON_BLOCKS = YES;
				GCC_WARN_64_TO_32_BIT_CONVERSION = YES;
				GCC_WARN_ABOUT_RETURN_TYPE = YES_ERROR;
				GCC_WARN_UNDECLARED_SELECTOR = YES;
				GCC_WARN_UNINITIALIZED_AUTOS = YES_AGGRESSIVE;
				GCC_WARN_UNUSED_FUNCTION = YES;
				GCC_WARN_UNUSED_VARIABLE = YES;
				IPHONEOS_DEPLOYMENT_TARGET = 18.1;
				LOCALIZATION_PREFERS_STRING_CATALOGS = YES;
				MTL_ENABLE_DEBUG_INFO = NO;
				MTL_FAST_MATH = YES;
				SDKROOT = iphoneos;
				SWIFT_COMPILATION_MODE = wholemodule;
				VALIDATE_PRODUCT = YES;
			};
			name = Release;
		};
		111DEC8A2ED069AA00A3AFCF /* Debug */ = {
			isa = XCBuildConfiguration;
			buildSettings = {
				ASSETCATALOG_COMPILER_APPICON_NAME = AppIcon;
				ASSETCATALOG_COMPILER_GLOBAL_ACCENT_COLOR_NAME = AccentColor;
				CODE_SIGN_STYLE = Automatic;
				CURRENT_PROJECT_VERSION = 1;
				DEVELOPMENT_ASSET_PATHS = "\"SUi practice/Preview Content\"";
				DEVELOPMENT_TEAM = XR9XM6JWCH;
				ENABLE_PREVIEWS = YES;
				GENERATE_INFOPLIST_FILE = YES;
				INFOPLIST_KEY_UIApplicationSceneManifest_Generation = YES;
				INFOPLIST_KEY_UIApplicationSupportsIndirectInputEvents = YES;
				INFOPLIST_KEY_UILaunchScreen_Generation = YES;
				INFOPLIST_KEY_UISupportedInterfaceOrientations_iPad = "UIInterfaceOrientationPortrait UIInterfaceOrientationPortraitUpsideDown UIInterfaceOrientationLandscapeLeft UIInterfaceOrientationLandscapeRight";
				INFOPLIST_KEY_UISupportedInterfaceOrientations_iPhone = "UIInterfaceOrientationPortrait UIInterfaceOrientationLandscapeLeft UIInterfaceOrientationLandscapeRight";
				LD_RUNPATH_SEARCH_PATHS = (
					"$(inherited)",
					"@executable_path/Frameworks",
				);
				MARKETING_VERSION = 1.0;
				PRODUCT_BUNDLE_IDENTIFIER = "com.savchenkosash.SUi-practice";
				PRODUCT_NAME = "$(TARGET_NAME)";
				SWIFT_EMIT_LOC_STRINGS = YES;
				SWIFT_VERSION = 5.0;
				TARGETED_DEVICE_FAMILY = "1,2";
			};
			name = Debug;
		};
		111DEC8B2ED069AA00A3AFCF /* Release */ = {
			isa = XCBuildConfiguration;
			buildSettings = {
				ASSETCATALOG_COMPILER_APPICON_NAME = AppIcon;
				ASSETCATALOG_COMPILER_GLOBAL_ACCENT_COLOR_NAME = AccentColor;
				CODE_SIGN_STYLE = Automatic;
				CURRENT_PROJECT_VERSION = 1;
				DEVELOPMENT_ASSET_PATHS = "\"SUi practice/Preview Content\"";
				DEVELOPMENT_TEAM = XR9XM6JWCH;
				ENABLE_PREVIEWS = YES;
				GENERATE_INFOPLIST_FILE = YES;
				INFOPLIST_KEY_UIApplicationSceneManifest_Generation = YES;
				INFOPLIST_KEY_UIApplicationSupportsIndirectInputEvents = YES;
				INFOPLIST_KEY_UILaunchScreen_Generation = YES;
				INFOPLIST_KEY_UISupportedInterfaceOrientations_iPad = "UIInterfaceOrientationPortrait UIInterfaceOrientationPortraitUpsideDown UIInterfaceOrientationLandscapeLeft UIInterfaceOrientationLandscapeRight";
				INFOPLIST_KEY_UISupportedInterfaceOrientations_iPhone = "UIInterfaceOrientationPortrait UIInterfaceOrientationLandscapeLeft UIInterfaceOrientationLandscapeRight";
				LD_RUNPATH_SEARCH_PATHS = (
					"$(inherited)",
					"@executable_path/Frameworks",
				);
				MARKETING_VERSION = 1.0;
				PRODUCT_BUNDLE_IDENTIFIER = "com.savchenkosash.SUi-practice";
				PRODUCT_NAME = "$(TARGET_NAME)";
				SWIFT_EMIT_LOC_STRINGS = YES;
				SWIFT_VERSION = 5.0;
				TARGETED_DEVICE_FAMILY = "1,2";
			};
			name = Release;
		};
/* End XCBuildConfiguration section */

/* Begin XCConfigurationList section */
		111DEC762ED069A900A3AFCF /* Build configuration list for PBXProject "SUi practice" */ = {
			isa = XCConfigurationList;
			buildConfigurations = (
				111DEC872ED069AA00A3AFCF /* Debug */,
				111DEC882ED069AA00A3AFCF /* Release */,
			);
			defaultConfigurationIsVisible = 0;
			defaultConfigurationName = Release;
		};
		111DEC892ED069AA00A3AFCF /* Build configuration list for PBXNativeTarget "SUi practice" */ = {
			isa = XCConfigurationList;
			buildConfigurations = (
				111DEC8A2ED069AA00A3AFCF /* Debug */,
				111DEC8B2ED069AA00A3AFCF /* Release */,
			);
			defaultConfigurationIsVisible = 0;
			defaultConfigurationName = Release;
		};
/* End XCConfigurationList section */

/* Begin XCRemoteSwiftPackageReference section */
		111DEC972ED06C7700A3AFCF /* XCRemoteSwiftPackageReference "SDWebImageSwiftUI" */ = {
			isa = XCRemoteSwiftPackageReference;
			repositoryURL = "https://github.com/SDWebImage/SDWebImageSwiftUI.git";
			requirement = {
				kind = upToNextMajorVersion;
				minimumVersion = 3.1.4;
			};
		};
		111DECA32ED078EC00A3AFCF /* XCRemoteSwiftPackageReference "SwiftfulUI" */ = {
			isa = XCRemoteSwiftPackageReference;
			repositoryURL = "https://github.com/SwiftfulThinking/SwiftfulUI.git";
			requirement = {
				kind = upToNextMajorVersion;
				minimumVersion = 1.2.0;
			};
		};
		111DECA62ED079DD00A3AFCF /* XCRemoteSwiftPackageReference "SwiftfulRouting" */ = {
			isa = XCRemoteSwiftPackageReference;
			repositoryURL = "https://github.com/SwiftfulThinking/SwiftfulRouting.git";
			requirement = {
				kind = upToNextMajorVersion;
				minimumVersion = 6.1.8;
			};
		};
/* End XCRemoteSwiftPackageReference section */

/* Begin XCSwiftPackageProductDependency section */
		111DEC982ED06C7700A3AFCF /* SDWebImageSwiftUI */ = {
			isa = XCSwiftPackageProductDependency;
			package = 111DEC972ED06C7700A3AFCF /* XCRemoteSwiftPackageReference "SDWebImageSwiftUI" */;
			productName = SDWebImageSwiftUI;
		};
		111DECA42ED078EC00A3AFCF /* SwiftfulUI */ = {
			isa = XCSwiftPackageProductDependency;
			package = 111DECA32ED078EC00A3AFCF /* XCRemoteSwiftPackageReference "SwiftfulUI" */;
			productName = SwiftfulUI;
		};
		111DECA72ED079DD00A3AFCF /* SwiftfulRouting */ = {
			isa = XCSwiftPackageProductDependency;
			package = 111DECA62ED079DD00A3AFCF /* XCRemoteSwiftPackageReference "SwiftfulRouting" */;
			productName = SwiftfulRouting;
		};
/* End XCSwiftPackageProductDependency section */
	};
	rootObject = 111DEC732ED069A900A3AFCF /* Project object */;
}
